
Microsoft Visual Studio Solution File, Format Version 12.00
# Visual Studio 2012
Project("{FAE04EC0-301F-11D3-BF4B-00C04F79EFBC}") = "Turk_Telekom_Stok", "Turk_Telekom_Stok\Turk_Telekom_Stok.csproj", "{196FC3DA-448A-4388-81C2-75E5B049F1BB}"
EndProject
Global
	GlobalSection(SolutionConfigurationPlatforms) = preSolution
		Debug|Any CPU = Debug|Any CPU
		Release|Any CPU = Release|Any CPU
	EndGlobalSection
	GlobalSection(ProjectConfigurationPlatforms) = postSolution
		{196FC3DA-448A-4388-81C2-75E5B049F1BB}.Debug|Any CPU.ActiveCfg = Debug|Any CPU
		{196FC3DA-448A-4388-81C2-75E5B049F1BB}.Debug|Any CPU.Build.0 = Debug|Any CPU
		{196FC3DA-448A-4388-81C2-75E5B049F1BB}.Release|Any CPU.ActiveCfg = Release|Any CPU
		{196FC3DA-448A-4388-81C2-75E5B049F1BB}.Release|Any CPU.Build.0 = Release|Any CPU
	EndGlobalSection
	GlobalSection(SolutionProperties) = preSolution
		HideSolutionNode = FALSE
	EndGlobalSection
EndGlobal
